
Microsoft Visual Studio Solution File, Format Version 12.00
# Visual Studio Version 16
VisualStudioVersion = 16.0.31702.278
MinimumVisualStudioVersion = 10.0.40219.1
Project("{FAE04EC0-301F-11D3-BF4B-00C04F79EFBC}") = "fernandobanco", "fernandobanco\fernandobanco.csproj", "{34D3CFD7-C437-429C-B9C4-46FB2EB3C30B}"
EndProject
Global
	GlobalSection(SolutionConfigurationPlatforms) = preSolution
		Debug|Any CPU = Debug|Any CPU
		Release|Any CPU = Release|Any CPU
	EndGlobalSection
	GlobalSection(ProjectConfigurationPlatforms) = postSolution
		{34D3CFD7-C437-429C-B9C4-46FB2EB3C30B}.Debug|Any CPU.ActiveCfg = Debug|Any CPU
		{34D3CFD7-C437-429C-B9C4-46FB2EB3C30B}.Debug|Any CPU.Build.0 = Debug|Any CPU
		{34D3CFD7-C437-429C-B9C4-46FB2EB3C30B}.Release|Any CPU.ActiveCfg = Release|Any CPU
		{34D3CFD7-C437-429C-B9C4-46FB2EB3C30B}.Release|Any CPU.Build.0 = Release|Any CPU
	EndGlobalSection
	GlobalSection(SolutionProperties) = preSolution
		HideSolutionNode = FALSE
	EndGlobalSection
	GlobalSection(ExtensibilityGlobals) = postSolution
		SolutionGuid = {C73153F3-F663-4E1B-8117-6DA63686AAF3}
	EndGlobalSection
EndGlobal
